<?xml version="1.0" encoding="utf-8"?>
<Project ToolsVersion="4.0" xmlns="http://schemas.microsoft.com/developer/msbuild/2003">
  <ItemGroup>
    <Filter Include="docs">
      <UniqueIdentifier>{a01bd316-192a-4daa-8391-c20e67a3148e}</UniqueIdentifier>
    </Filter>
  </ItemGroup>
  <ItemGroup>
    <None Include="docs\OLDTONG.css">
      <Filter>docs</Filter>
    </None>
    <None Include="docs\data\datacols.csv">
      <Filter>docs</Filter>
    </None>
    <None Include="docs\data\glyph_data.csv">
      <Filter>docs</Filter>
    </None>
    <None Include="docs\js\glyph_data.js">
      <Filter>docs</Filter>
    </None>
    <None Include="docs\data\glyph_sound.csv">
      <Filter>docs</Filter>
    </None>
    <None Include="docs\js\GTR.js">
      <Filter>docs</Filter>
    </None>
    <None Include="docs\js\GTRtabs.js">
      <Filter>docs</Filter>
    </None>
    <None Include="docs\OLDTONG.html">
      <Filter>docs</Filter>
    </None>
    <None Include="docs\js\OLDTONG.js">
      <Filter>docs</Filter>
    </None>
    <None Include="README.md">
      <Filter>docs</Filter>
    </None>
  </ItemGroup>
</Project>